// !$*UTF8*$!
{
	archiveVersion = 1;
	classes = {
	};
	objectVersion = 50;
	objects = {

/* Begin PBXBuildFile section */
		191B3149212AF4D9009EA15D /* MapViewController.swift in Sources */ = {isa = PBXBuildFile; fileRef = 191B3148212AF4D9009EA15D /* MapViewController.swift */; };
		1930B613214D5F5D00F59171 /* InformationPostingViewController.swift in Sources */ = {isa = PBXBuildFile; fileRef = 1930B612214D5F5D00F59171 /* InformationPostingViewController.swift */; };
		197AC5912115E90700B0EBD4 /* UdacityClient.swift in Sources */ = {isa = PBXBuildFile; fileRef = 197AC5902115E90700B0EBD4 /* UdacityClient.swift */; };
		197AC5932115E93200B0EBD4 /* UdacityConstants.swift in Sources */ = {isa = PBXBuildFile; fileRef = 197AC5922115E93200B0EBD4 /* UdacityConstants.swift */; };
		197BC0FC213429A000FC517B /* StudentLocations.swift in Sources */ = {isa = PBXBuildFile; fileRef = 197BC0FB213429A000FC517B /* StudentLocations.swift */; };
		19C1B30921022EB700300DB7 /* GCDBlackBox.swift in Sources */ = {isa = PBXBuildFile; fileRef = 19C1B30821022EB700300DB7 /* GCDBlackBox.swift */; };
		19C90FB4213079D700607499 /* ParseConstants.swift in Sources */ = {isa = PBXBuildFile; fileRef = 19C90FB3213079D700607499 /* ParseConstants.swift */; };
		19C90FB6213080BB00607499 /* ParseClient.swift in Sources */ = {isa = PBXBuildFile; fileRef = 19C90FB5213080BB00607499 /* ParseClient.swift */; };
		19CF71E721401145004CA108 /* ParseConvenience.swift in Sources */ = {isa = PBXBuildFile; fileRef = 19CF71E621401145004CA108 /* ParseConvenience.swift */; };
		19CF71E92140A285004CA108 /* StudentsTableViewController.swift in Sources */ = {isa = PBXBuildFile; fileRef = 19CF71E82140A285004CA108 /* StudentsTableViewController.swift */; };
		19E3E6F7212C58B200308D54 /* ManagerTabBarController.swift in Sources */ = {isa = PBXBuildFile; fileRef = 19E3E6F6212C58B200308D54 /* ManagerTabBarController.swift */; };
		19ED262A20FE83B6009B05DD /* AppDelegate.swift in Sources */ = {isa = PBXBuildFile; fileRef = 19ED262920FE83B6009B05DD /* AppDelegate.swift */; };
		19ED262C20FE83B6009B05DD /* LoginViewController.swift in Sources */ = {isa = PBXBuildFile; fileRef = 19ED262B20FE83B6009B05DD /* LoginViewController.swift */; };
		19ED262F20FE83B6009B05DD /* Main.storyboard in Resources */ = {isa = PBXBuildFile; fileRef = 19ED262D20FE83B6009B05DD /* Main.storyboard */; };
		19ED263120FE83B7009B05DD /* Assets.xcassets in Resources */ = {isa = PBXBuildFile; fileRef = 19ED263020FE83B7009B05DD /* Assets.xcassets */; };
		19ED263420FE83B7009B05DD /* LaunchScreen.storyboard in Resources */ = {isa = PBXBuildFile; fileRef = 19ED263220FE83B7009B05DD /* LaunchScreen.storyboard */; };
/* End PBXBuildFile section */

/* Begin PBXFileReference section */
		191B3148212AF4D9009EA15D /* MapViewController.swift */ = {isa = PBXFileReference; lastKnownFileType = sourcecode.swift; path = MapViewController.swift; sourceTree = "<group>"; };
		1930B612214D5F5D00F59171 /* InformationPostingViewController.swift */ = {isa = PBXFileReference; lastKnownFileType = sourcecode.swift; path = InformationPostingViewController.swift; sourceTree = "<group>"; };
		197AC5902115E90700B0EBD4 /* UdacityClient.swift */ = {isa = PBXFileReference; lastKnownFileType = sourcecode.swift; path = UdacityClient.swift; sourceTree = "<group>"; };
		197AC5922115E93200B0EBD4 /* UdacityConstants.swift */ = {isa = PBXFileReference; lastKnownFileType = sourcecode.swift; path = UdacityConstants.swift; sourceTree = "<group>"; };
		197BC0FB213429A000FC517B /* StudentLocations.swift */ = {isa = PBXFileReference; lastKnownFileType = sourcecode.swift; path = StudentLocations.swift; sourceTree = "<group>"; };
		19C1B30821022EB700300DB7 /* GCDBlackBox.swift */ = {isa = PBXFileReference; lastKnownFileType = sourcecode.swift; path = GCDBlackBox.swift; sourceTree = "<group>"; };
		19C90FB3213079D700607499 /* ParseConstants.swift */ = {isa = PBXFileReference; lastKnownFileType = sourcecode.swift; path = ParseConstants.swift; sourceTree = "<group>"; };
		19C90FB5213080BB00607499 /* ParseClient.swift */ = {isa = PBXFileReference; lastKnownFileType = sourcecode.swift; path = ParseClient.swift; sourceTree = "<group>"; };
		19CF71E621401145004CA108 /* ParseConvenience.swift */ = {isa = PBXFileReference; lastKnownFileType = sourcecode.swift; path = ParseConvenience.swift; sourceTree = "<group>"; };
		19CF71E82140A285004CA108 /* StudentsTableViewController.swift */ = {isa = PBXFileReference; lastKnownFileType = sourcecode.swift; path = StudentsTableViewController.swift; sourceTree = "<group>"; };
		19E3E6F6212C58B200308D54 /* ManagerTabBarController.swift */ = {isa = PBXFileReference; lastKnownFileType = sourcecode.swift; path = ManagerTabBarController.swift; sourceTree = "<group>"; };
		19ED262620FE83B6009B05DD /* OnTheMap.app */ = {isa = PBXFileReference; explicitFileType = wrapper.application; includeInIndex = 0; path = OnTheMap.app; sourceTree = BUILT_PRODUCTS_DIR; };
		19ED262920FE83B6009B05DD /* AppDelegate.swift */ = {isa = PBXFileReference; lastKnownFileType = sourcecode.swift; path = AppDelegate.swift; sourceTree = "<group>"; };
		19ED262B20FE83B6009B05DD /* LoginViewController.swift */ = {isa = PBXFileReference; lastKnownFileType = sourcecode.swift; path = LoginViewController.swift; sourceTree = "<group>"; };
		19ED262E20FE83B6009B05DD /* Base */ = {isa = PBXFileReference; lastKnownFileType = file.storyboard; name = Base; path = Base.lproj/Main.storyboard; sourceTree = "<group>"; };
		19ED263020FE83B7009B05DD /* Assets.xcassets */ = {isa = PBXFileReference; lastKnownFileType = folder.assetcatalog; path = Assets.xcassets; sourceTree = "<group>"; };
		19ED263320FE83B7009B05DD /* Base */ = {isa = PBXFileReference; lastKnownFileType = file.storyboard; name = Base; path = Base.lproj/LaunchScreen.storyboard; sourceTree = "<group>"; };
		19ED263520FE83B7009B05DD /* Info.plist */ = {isa = PBXFileReference; lastKnownFileType = text.plist.xml; path = Info.plist; sourceTree = "<group>"; };
/* End PBXFileReference section */

/* Begin PBXFrameworksBuildPhase section */
		19ED262320FE83B6009B05DD /* Frameworks */ = {
			isa = PBXFrameworksBuildPhase;
			buildActionMask = 2147483647;
			files = (
			);
			runOnlyForDeploymentPostprocessing = 0;
		};
/* End PBXFrameworksBuildPhase section */

/* Begin PBXGroup section */
		197AC58D2115E72800B0EBD4 /* Model */ = {
			isa = PBXGroup;
			children = (
				197AC58E2115E74E00B0EBD4 /* Clients */,
			);
			path = Model;
			sourceTree = "<group>";
		};
		197AC58E2115E74E00B0EBD4 /* Clients */ = {
			isa = PBXGroup;
			children = (
				197AC58F2115E79D00B0EBD4 /* Udacity */,
				19C90FB22130785700607499 /* Parse */,
			);
			path = Clients;
			sourceTree = "<group>";
		};
		197AC58F2115E79D00B0EBD4 /* Udacity */ = {
			isa = PBXGroup;
			children = (
				197AC5902115E90700B0EBD4 /* UdacityClient.swift */,
				197AC5922115E93200B0EBD4 /* UdacityConstants.swift */,
			);
			path = Udacity;
			sourceTree = "<group>";
		};
		19C1B30A210232C900300DB7 /* View Controllers */ = {
			isa = PBXGroup;
			children = (
				19ED262B20FE83B6009B05DD /* LoginViewController.swift */,
				191B3148212AF4D9009EA15D /* MapViewController.swift */,
				19E3E6F6212C58B200308D54 /* ManagerTabBarController.swift */,
				19CF71E82140A285004CA108 /* StudentsTableViewController.swift */,
				1930B612214D5F5D00F59171 /* InformationPostingViewController.swift */,
			);
			path = "View Controllers";
			sourceTree = "<group>";
		};
		19C90FB22130785700607499 /* Parse */ = {
			isa = PBXGroup;
			children = (
				19C90FB5213080BB00607499 /* ParseClient.swift */,
				19CF71E621401145004CA108 /* ParseConvenience.swift */,
				19C90FB3213079D700607499 /* ParseConstants.swift */,
				197BC0FB213429A000FC517B /* StudentLocations.swift */,
			);
			path = Parse;
			sourceTree = "<group>";
		};
		19ED261D20FE83B6009B05DD = {
			isa = PBXGroup;
			children = (
				19ED262820FE83B6009B05DD /* OnTheMap */,
				19ED262720FE83B6009B05DD /* Products */,
			);
			sourceTree = "<group>";
		};
		19ED262720FE83B6009B05DD /* Products */ = {
			isa = PBXGroup;
			children = (
				19ED262620FE83B6009B05DD /* OnTheMap.app */,
			);
			name = Products;
			sourceTree = "<group>";
		};
		19ED262820FE83B6009B05DD /* OnTheMap */ = {
			isa = PBXGroup;
			children = (
				19ED262920FE83B6009B05DD /* AppDelegate.swift */,
				19C1B30821022EB700300DB7 /* GCDBlackBox.swift */,
				197AC58D2115E72800B0EBD4 /* Model */,
				19C1B30A210232C900300DB7 /* View Controllers */,
				19ED262D20FE83B6009B05DD /* Main.storyboard */,
				19ED263020FE83B7009B05DD /* Assets.xcassets */,
				19ED263220FE83B7009B05DD /* LaunchScreen.storyboard */,
				19ED263520FE83B7009B05DD /* Info.plist */,
			);
			path = OnTheMap;
			sourceTree = "<group>";
		};
/* End PBXGroup section */

/* Begin PBXNativeTarget section */
		19ED262520FE83B6009B05DD /* OnTheMap */ = {
			isa = PBXNativeTarget;
			buildConfigurationList = 19ED263820FE83B7009B05DD /* Build configuration list for PBXNativeTarget "OnTheMap" */;
			buildPhases = (
				19ED262220FE83B6009B05DD /* Sources */,
				19ED262320FE83B6009B05DD /* Frameworks */,
				19ED262420FE83B6009B05DD /* Resources */,
			);
			buildRules = (
			);
			dependencies = (
			);
			name = OnTheMap;
			productName = OnTheMap;
			productReference = 19ED262620FE83B6009B05DD /* OnTheMap.app */;
			productType = "com.apple.product-type.application";
		};
/* End PBXNativeTarget section */

/* Begin PBXProject section */
		19ED261E20FE83B6009B05DD /* Project object */ = {
			isa = PBXProject;
			attributes = {
				LastSwiftUpdateCheck = 0940;
				LastUpgradeCheck = 0940;
				ORGANIZATIONNAME = "Shane Sealy";
				TargetAttributes = {
					19ED262520FE83B6009B05DD = {
						CreatedOnToolsVersion = 9.4.1;
						LastSwiftMigration = 1000;
					};
				};
			};
			buildConfigurationList = 19ED262120FE83B6009B05DD /* Build configuration list for PBXProject "OnTheMap" */;
			compatibilityVersion = "Xcode 9.3";
			developmentRegion = en;
			hasScannedForEncodings = 0;
			knownRegions = (
				en,
				Base,
			);
			mainGroup = 19ED261D20FE83B6009B05DD;
			productRefGroup = 19ED262720FE83B6009B05DD /* Products */;
			projectDirPath = "";
			projectRoot = "";
			targets = (
				19ED262520FE83B6009B05DD /* OnTheMap */,
			);
		};
/* End PBXProject section */

/* Begin PBXResourcesBuildPhase section */
		19ED262420FE83B6009B05DD /* Resources */ = {
			isa = PBXResourcesBuildPhase;
			buildActionMask = 2147483647;
			files = (
				19ED263420FE83B7009B05DD /* LaunchScreen.storyboard in Resources */,
				19ED263120FE83B7009B05DD /* Assets.xcassets in Resources */,
				19ED262F20FE83B6009B05DD /* Main.storyboard in Resources */,
			);
			runOnlyForDeploymentPostprocessing = 0;
		};
/* End PBXResourcesBuildPhase section */

/* Begin PBXSourcesBuildPhase section */
		19ED262220FE83B6009B05DD /* Sources */ = {
			isa = PBXSourcesBuildPhase;
			buildActionMask = 2147483647;
			files = (
				19CF71E721401145004CA108 /* ParseConvenience.swift in Sources */,
				197BC0FC213429A000FC517B /* StudentLocations.swift in Sources */,
				19C90FB6213080BB00607499 /* ParseClient.swift in Sources */,
				19CF71E92140A285004CA108 /* StudentsTableViewController.swift in Sources */,
				1930B613214D5F5D00F59171 /* InformationPostingViewController.swift in Sources */,
				191B3149212AF4D9009EA15D /* MapViewController.swift in Sources */,
				197AC5912115E90700B0EBD4 /* UdacityClient.swift in Sources */,
				197AC5932115E93200B0EBD4 /* UdacityConstants.swift in Sources */,
				19E3E6F7212C58B200308D54 /* ManagerTabBarController.swift in Sources */,
				19ED262C20FE83B6009B05DD /* LoginViewController.swift in Sources */,
				19C1B30921022EB700300DB7 /* GCDBlackBox.swift in Sources */,
				19ED262A20FE83B6009B05DD /* AppDelegate.swift in Sources */,
				19C90FB4213079D700607499 /* ParseConstants.swift in Sources */,
			);
			runOnlyForDeploymentPostprocessing = 0;
		};
/* End PBXSourcesBuildPhase section */

/* Begin PBXVariantGroup section */
		19ED262D20FE83B6009B05DD /* Main.storyboard */ = {
			isa = PBXVariantGroup;
			children = (
				19ED262E20FE83B6009B05DD /* Base */,
			);
			name = Main.storyboard;
			sourceTree = "<group>";
		};
		19ED263220FE83B7009B05DD /* LaunchScreen.storyboard */ = {
			isa = PBXVariantGroup;
			children = (
				19ED263320FE83B7009B05DD /* Base */,
			);
			name = LaunchScreen.storyboard;
			sourceTree = "<group>";
		};
/* End PBXVariantGroup section */

/* Begin XCBuildConfiguration section */
		19ED263620FE83B7009B05DD /* Debug */ = {
			isa = XCBuildConfiguration;
			buildSettings = {
				ALWAYS_SEARCH_USER_PATHS = NO;
				CLANG_ANALYZER_NONNULL = YES;
				CLANG_ANALYZER_NUMBER_OBJECT_CONVERSION = YES_AGGRESSIVE;
				CLANG_CXX_LANGUAGE_STANDARD = "gnu++14";
				CLANG_CXX_LIBRARY = "libc++";
				CLANG_ENABLE_MODULES = YES;
				CLANG_ENABLE_OBJC_ARC = YES;
				CLANG_ENABLE_OBJC_WEAK = YES;
				CLANG_WARN_BLOCK_CAPTURE_AUTORELEASING = YES;
				CLANG_WARN_BOOL_CONVERSION = YES;
				CLANG_WARN_COMMA = YES;
				CLANG_WARN_CONSTANT_CONVERSION = YES;
				CLANG_WARN_DEPRECATED_OBJC_IMPLEMENTATIONS = YES;
				CLANG_WARN_DIRECT_OBJC_ISA_USAGE = YES_ERROR;
				CLANG_WARN_DOCUMENTATION_COMMENTS = YES;
				CLANG_WARN_EMPTY_BODY = YES;
				CLANG_WARN_ENUM_CONVERSION = YES;
				CLANG_WARN_INFINITE_RECURSION = YES;
				CLANG_WARN_INT_CONVERSION = YES;
				CLANG_WARN_NON_LITERAL_NULL_CONVERSION = YES;
				CLANG_WARN_OBJC_IMPLICIT_RETAIN_SELF = YES;
				CLANG_WARN_OBJC_LITERAL_CONVERSION = YES;
				CLANG_WARN_OBJC_ROOT_CLASS = YES_ERROR;
				CLANG_WARN_RANGE_LOOP_ANALYSIS = YES;
				CLANG_WARN_STRICT_PROTOTYPES = YES;
				CLANG_WARN_SUSPICIOUS_MOVE = YES;
				CLANG_WARN_UNGUARDED_AVAILABILITY = YES_AGGRESSIVE;
				CLANG_WARN_UNREACHABLE_CODE = YES;
				CLANG_WARN__DUPLICATE_METHOD_MATCH = YES;
				CODE_SIGN_IDENTITY = "iPhone Developer";
				COPY_PHASE_STRIP = NO;
				DEBUG_INFORMATION_FORMAT = dwarf;
				ENABLE_STRICT_OBJC_MSGSEND = YES;
				ENABLE_TESTABILITY = YES;
				GCC_C_LANGUAGE_STANDARD = gnu11;
				GCC_DYNAMIC_NO_PIC = NO;
				GCC_NO_COMMON_BLOCKS = YES;
				GCC_OPTIMIZATION_LEVEL = 0;
				GCC_PREPROCESSOR_DEFINITIONS = (
					"DEBUG=1",
					"$(inherited)",
				);
				GCC_WARN_64_TO_32_BIT_CONVERSION = YES;
				GCC_WARN_ABOUT_RETURN_TYPE = YES_ERROR;
				GCC_WARN_UNDECLARED_SELECTOR = YES;
				GCC_WARN_UNINITIALIZED_AUTOS = YES_AGGRESSIVE;
				GCC_WARN_UNUSED_FUNCTION = YES;
				GCC_WARN_UNUSED_VARIABLE = YES;
				IPHONEOS_DEPLOYMENT_TARGET = 11.4;
				MTL_ENABLE_DEBUG_INFO = YES;
				ONLY_ACTIVE_ARCH = YES;
				SDKROOT = iphoneos;
				SWIFT_ACTIVE_COMPILATION_CONDITIONS = DEBUG;
				SWIFT_OPTIMIZATION_LEVEL = "-Onone";
			};
			name = Debug;
		};
		19ED263720FE83B7009B05DD /* Release */ = {
			isa = XCBuildConfiguration;
			buildSettings = {
				ALWAYS_SEARCH_USER_PATHS = NO;
				CLANG_ANALYZER_NONNULL = YES;
				CLANG_ANALYZER_NUMBER_OBJECT_CONVERSION = YES_AGGRESSIVE;
				CLANG_CXX_LANGUAGE_STANDARD = "gnu++14";
				CLANG_CXX_LIBRARY = "libc++";
				CLANG_ENABLE_MODULES = YES;
				CLANG_ENABLE_OBJC_ARC = YES;
				CLANG_ENABLE_OBJC_WEAK = YES;
				CLANG_WARN_BLOCK_CAPTURE_AUTORELEASING = YES;
				CLANG_WARN_BOOL_CONVERSION = YES;
				CLANG_WARN_COMMA = YES;
				CLANG_WARN_CONSTANT_CONVERSION = YES;
				CLANG_WARN_DEPRECATED_OBJC_IMPLEMENTATIONS = YES;
				CLANG_WARN_DIRECT_OBJC_ISA_USAGE = YES_ERROR;
				CLANG_WARN_DOCUMENTATION_COMMENTS = YES;
				CLANG_WARN_EMPTY_BODY = YES;
				CLANG_WARN_ENUM_CONVERSION = YES;
				CLANG_WARN_INFINITE_RECURSION = YES;
				CLANG_WARN_INT_CONVERSION = YES;
				CLANG_WARN_NON_LITERAL_NULL_CONVERSION = YES;
				CLANG_WARN_OBJC_IMPLICIT_RETAIN_SELF = YES;
				CLANG_WARN_OBJC_LITERAL_CONVERSION = YES;
				CLANG_WARN_OBJC_ROOT_CLASS = YES_ERROR;
				CLANG_WARN_RANGE_LOOP_ANALYSIS = YES;
				CLANG_WARN_STRICT_PROTOTYPES = YES;
				CLANG_WARN_SUSPICIOUS_MOVE = YES;
				CLANG_WARN_UNGUARDED_AVAILABILITY = YES_AGGRESSIVE;
				CLANG_WARN_UNREACHABLE_CODE = YES;
				CLANG_WARN__DUPLICATE_METHOD_MATCH = YES;
				CODE_SIGN_IDENTITY = "iPhone Developer";
				COPY_PHASE_STRIP = NO;
				DEBUG_INFORMATION_FORMAT = "dwarf-with-dsym";
				ENABLE_NS_ASSERTIONS = NO;
				ENABLE_STRICT_OBJC_MSGSEND = YES;
				GCC_C_LANGUAGE_STANDARD = gnu11;
				GCC_NO_COMMON_BLOCKS = YES;
				GCC_WARN_64_TO_32_BIT_CONVERSION = YES;
				GCC_WARN_ABOUT_RETURN_TYPE = YES_ERROR;
				GCC_WARN_UNDECLARED_SELECTOR = YES;
				GCC_WARN_UNINITIALIZED_AUTOS = YES_AGGRESSIVE;
				GCC_WARN_UNUSED_FUNCTION = YES;
				GCC_WARN_UNUSED_VARIABLE = YES;
				IPHONEOS_DEPLOYMENT_TARGET = 11.4;
				MTL_ENABLE_DEBUG_INFO = NO;
				SDKROOT = iphoneos;
				SWIFT_COMPILATION_MODE = wholemodule;
				SWIFT_OPTIMIZATION_LEVEL = "-O";
				VALIDATE_PRODUCT = YES;
			};
			name = Release;
		};
		19ED263920FE83B7009B05DD /* Debug */ = {
			isa = XCBuildConfiguration;
			buildSettings = {
				ASSETCATALOG_COMPILER_APPICON_NAME = AppIcon;
				CODE_SIGN_STYLE = Automatic;
				INFOPLIST_FILE = OnTheMap/Info.plist;
				LD_RUNPATH_SEARCH_PATHS = (
					"$(inherited)",
					"@executable_path/Frameworks",
				);
				PRODUCT_BUNDLE_IDENTIFIER = "Shane-Sealy.OnTheMap";
				PRODUCT_NAME = "$(TARGET_NAME)";
				SWIFT_VERSION = 4.2;
				TARGETED_DEVICE_FAMILY = "1,2";
			};
			name = Debug;
		};
		19ED263A20FE83B7009B05DD /* Release */ = {
			isa = XCBuildConfiguration;
			buildSettings = {
				ASSETCATALOG_COMPILER_APPICON_NAME = AppIcon;
				CODE_SIGN_STYLE = Automatic;
				INFOPLIST_FILE = OnTheMap/Info.plist;
				LD_RUNPATH_SEARCH_PATHS = (
					"$(inherited)",
					"@executable_path/Frameworks",
				);
				PRODUCT_BUNDLE_IDENTIFIER = "Shane-Sealy.OnTheMap";
				PRODUCT_NAME = "$(TARGET_NAME)";
				SWIFT_VERSION = 4.2;
				TARGETED_DEVICE_FAMILY = "1,2";
			};
			name = Release;
		};
/* End XCBuildConfiguration section */

/* Begin XCConfigurationList section */
		19ED262120FE83B6009B05DD /* Build configuration list for PBXProject "OnTheMap" */ = {
			isa = XCConfigurationList;
			buildConfigurations = (
				19ED263620FE83B7009B05DD /* Debug */,
				19ED263720FE83B7009B05DD /* Release */,
			);
			defaultConfigurationIsVisible = 0;
			defaultConfigurationName = Release;
		};
		19ED263820FE83B7009B05DD /* Build configuration list for PBXNativeTarget "OnTheMap" */ = {
			isa = XCConfigurationList;
			buildConfigurations = (
				19ED263920FE83B7009B05DD /* Debug */,
				19ED263A20FE83B7009B05DD /* Release */,
			);
			defaultConfigurationIsVisible = 0;
			defaultConfigurationName = Release;
		};
/* End XCConfigurationList section */
	};
	rootObject = 19ED261E20FE83B6009B05DD /* Project object */;
}
